
Microsoft Visual Studio Solution File, Format Version 12.00
# Visual Studio 2013
VisualStudioVersion = 12.0.21005.1
MinimumVisualStudioVersion = 10.0.40219.1
Project("{FAE04EC0-301F-11D3-BF4B-00C04F79EFBC}") = "LoginWPF", "LoginWPF\LoginWPF.csproj", "{989AB9E7-358A-4AA8-B6B5-8AB61B49E78F}"
EndProject
Global
	GlobalSection(SolutionConfigurationPlatforms) = preSolution
		Debug|Any CPU = Debug|Any CPU
		Release|Any CPU = Release|Any CPU
	EndGlobalSection
	GlobalSection(ProjectConfigurationPlatforms) = postSolution
		{989AB9E7-358A-4AA8-B6B5-8AB61B49E78F}.Debug|Any CPU.ActiveCfg = Debug|Any CPU
		{989AB9E7-358A-4AA8-B6B5-8AB61B49E78F}.Debug|Any CPU.Build.0 = Debug|Any CPU
		{989AB9E7-358A-4AA8-B6B5-8AB61B49E78F}.Release|Any CPU.ActiveCfg = Release|Any CPU
		{989AB9E7-358A-4AA8-B6B5-8AB61B49E78F}.Release|Any CPU.Build.0 = Release|Any CPU
	EndGlobalSection
	GlobalSection(SolutionProperties) = preSolution
		HideSolutionNode = FALSE
	EndGlobalSection
EndGlobal
